uuid: 2a9568ad-677a-48c5-80c8-a1fe470a593b
langcode: en
status: true
dependencies:
  module:
    - block_content
_core:
  default_config_hash: u0zZfV3MrhyDHNNxQ2mhuKBI8JkMc5p_TF4NBy26nmo
id: block_content.field_block
field_name: field_block
entity_type: block_content
type: entity_reference
settings:
  target_type: block_content
module: core
locked: false
cardinality: 1
translatable: true
indexes: {  }
persist_with_no_fields: false
custom_storage: false
