uuid: 595cae12-6a59-4687-b16b-acb3bc9db459
langcode: en
status: true
dependencies:
  config:
    - paragraphs.paragraphs_type.accordion
    - paragraphs.paragraphs_type.card_group
    - paragraphs.paragraphs_type.carousel
    - paragraphs.paragraphs_type.embed
    - paragraphs.paragraphs_type.form
    - paragraphs.paragraphs_type.gallery
    - paragraphs.paragraphs_type.hero
    - paragraphs.paragraphs_type.library
    - paragraphs.paragraphs_type.media
    - paragraphs.paragraphs_type.quote
    - paragraphs.paragraphs_type.text
    - paragraphs.paragraphs_type.views
    - field.storage.paragraph.field_block
_core:
  default_config_hash: 8BhxKJ9BVL1hejwo9hN71BcmVQVoV9NcIKg_BXQAwB8
id: paragraph.library.field_block
field_name: field_block
entity_type: paragraph
bundle: library
label: Block
description: ''
required: true
translatable: false
default_value: {  }
default_value_callback: ''
settings:
  handler: 'default:paragraph'
  handler_settings:
    target_bundles:
      accordion: accordion
      library: library
      card: card
      card_group: card_group
      carousel: carousel
      embed: embed
      form: form
      gallery: gallery
      hero: hero
      views: views
      media: media
      quote: quote
      text: text
    sort:
      field: _none
      direction: ASC
    auto_create: false
    auto_create_bundle: accordion
field_type: entity_reference
