langcode: en
status: true
dependencies:
  module:
    - drupical
active_version: 190c703c16aaf9ac
versioned_properties:
  active:
    settings:
      default_settings:
        id: events_block
        label: 'Events Feed'
        label_display: '0'
        provider: drupical
    fallback_metadata:
      slot_definitions: null
label: 'Events Feed'
id: block.events_block
provider: drupical
source: block
source_local_id: events_block
